# This file is automatically @generated by Cargo.
# It is not intended for manual editing.
[[package]]
name = "bitflags"
version = "1.2.1"
source = "registry+https://github.com/rust-lang/crates.io-index"
checksum = "cf1de2fe8c75bc145a2f577add951f8134889b4795d47466a54a5c846d691693"

[[package]]
name = "cc"
version = "1.0.23"
source = "registry+https://github.com/rust-lang/crates.io-index"
checksum = "c37f0efaa4b9b001fa6f02d4b644dee4af97d3414df07c51e3e4f015f3a3e131"

[[package]]
name = "cfg-if"
version = "1.0.0"
source = "registry+https://github.com/rust-lang/crates.io-index"
checksum = "baf1de4339761588bc0619e3cbc0120ee582ebb74b53b4efbf79117bd2da40fd"

[[package]]
name = "envoption"
version = "0.2.1"
source = "registry+https://github.com/rust-lang/crates.io-index"
checksum = "9a0d00a04f5ad3a7097409ea66cecf267fd7bbac98e66bc97614e14fe32b4e35"

[[package]]
name = "error-chain"
version = "0.12.0"
source = "registry+https://github.com/rust-lang/crates.io-index"
checksum = "07e791d3be96241c77c43846b665ef1384606da2cd2a48730abe606a12906e02"

[[package]]
name = "kubox"
version = "0.0.1"
dependencies = [
 "envoption",
 "error-chain",
 "nix",
]

[[package]]
name = "libc"
version = "0.2.86"
source = "registry+https://github.com/rust-lang/crates.io-index"
checksum = "b7282d924be3275cec7f6756ff4121987bc6481325397dde6ba3e7802b1a8b1c"

[[package]]
name = "nix"
version = "0.20.0"
source = "registry+https://github.com/rust-lang/crates.io-index"
checksum = "fa9b4819da1bc61c0ea48b63b7bc8604064dd43013e7cc325df098d49cd7c18a"
dependencies = [
 "bitflags",
 "cc",
 "cfg-if",
 "libc",
]
