# This file is automatically @generated by Cargo.
# It is not intended for manual editing.
[[package]]
name = "bitflags"
version = "1.0.4"
source = "registry+https://github.com/rust-lang/crates.io-index"

[[package]]
name = "cc"
version = "1.0.23"
source = "registry+https://github.com/rust-lang/crates.io-index"

[[package]]
name = "cfg-if"
version = "0.1.5"
source = "registry+https://github.com/rust-lang/crates.io-index"

[[package]]
name = "envoption"
version = "0.2.1"
source = "registry+https://github.com/rust-lang/crates.io-index"

[[package]]
name = "error-chain"
version = "0.12.2"
source = "registry+https://github.com/rust-lang/crates.io-index"
dependencies = [
 "version_check 0.9.1 (registry+https://github.com/rust-lang/crates.io-index)",
]

[[package]]
name = "kubox"
version = "0.0.1"
dependencies = [
 "envoption 0.2.1 (registry+https://github.com/rust-lang/crates.io-index)",
 "error-chain 0.12.2 (registry+https://github.com/rust-lang/crates.io-index)",
 "nix 0.13.0 (registry+https://github.com/rust-lang/crates.io-index)",
]

[[package]]
name = "libc"
version = "0.2.47"
source = "registry+https://github.com/rust-lang/crates.io-index"

[[package]]
name = "nix"
version = "0.13.0"
source = "registry+https://github.com/rust-lang/crates.io-index"
dependencies = [
 "bitflags 1.0.4 (registry+https://github.com/rust-lang/crates.io-index)",
 "cc 1.0.23 (registry+https://github.com/rust-lang/crates.io-index)",
 "cfg-if 0.1.5 (registry+https://github.com/rust-lang/crates.io-index)",
 "libc 0.2.47 (registry+https://github.com/rust-lang/crates.io-index)",
 "void 1.0.2 (registry+https://github.com/rust-lang/crates.io-index)",
]

[[package]]
name = "version_check"
version = "0.9.1"
source = "registry+https://github.com/rust-lang/crates.io-index"

[[package]]
name = "void"
version = "1.0.2"
source = "registry+https://github.com/rust-lang/crates.io-index"

[metadata]
"checksum bitflags 1.0.4 (registry+https://github.com/rust-lang/crates.io-index)" = "228047a76f468627ca71776ecdebd732a3423081fcf5125585bcd7c49886ce12"
"checksum cc 1.0.23 (registry+https://github.com/rust-lang/crates.io-index)" = "c37f0efaa4b9b001fa6f02d4b644dee4af97d3414df07c51e3e4f015f3a3e131"
"checksum cfg-if 0.1.5 (registry+https://github.com/rust-lang/crates.io-index)" = "0c4e7bb64a8ebb0d856483e1e682ea3422f883c5f5615a90d51a2c82fe87fdd3"
"checksum envoption 0.2.1 (registry+https://github.com/rust-lang/crates.io-index)" = "9a0d00a04f5ad3a7097409ea66cecf267fd7bbac98e66bc97614e14fe32b4e35"
"checksum error-chain 0.12.2 (registry+https://github.com/rust-lang/crates.io-index)" = "d371106cc88ffdfb1eabd7111e432da544f16f3e2d7bf1dfe8bf575f1df045cd"
"checksum libc 0.2.47 (registry+https://github.com/rust-lang/crates.io-index)" = "48450664a984b25d5b479554c29cc04e3150c97aa4c01da5604a2d4ed9151476"
"checksum nix 0.13.0 (registry+https://github.com/rust-lang/crates.io-index)" = "46f0f3210768d796e8fa79ec70ee6af172dacbe7147f5e69be5240a47778302b"
"checksum version_check 0.9.1 (registry+https://github.com/rust-lang/crates.io-index)" = "078775d0255232fb988e6fccf26ddc9d1ac274299aaedcedce21c6f72cc533ce"
"checksum void 1.0.2 (registry+https://github.com/rust-lang/crates.io-index)" = "6a02e4885ed3bc0f2de90ea6dd45ebcbb66dacffe03547fadbb0eeae2770887d"
